
Microsoft Visual Studio Solution File, Format Version 12.00
# Visual Studio Version 17
VisualStudioVersion = 17.12.35506.116 d17.12
MinimumVisualStudioVersion = 10.0.40219.1
Project("{FAE04EC0-301F-11D3-BF4B-00C04F79EFBC}") = "MvvmMaschineModel", "MvvmMaschineModel\MvvmMaschineModel.csproj", "{454D49A5-79E3-4B52-A08C-A5B2FEEFC5CF}"
EndProject
Project("{FAE04EC0-301F-11D3-BF4B-00C04F79EFBC}") = "MvvmMaschineUi", "MvvmMaschineUi\MvvmMaschineUi.csproj", "{EFC0BC57-3748-47D7-B613-E1573506EEDC}"
EndProject
Global
	GlobalSection(SolutionConfigurationPlatforms) = preSolution
		Debug|Any CPU = Debug|Any CPU
		Release|Any CPU = Release|Any CPU
	EndGlobalSection
	GlobalSection(ProjectConfigurationPlatforms) = postSolution
		{454D49A5-79E3-4B52-A08C-A5B2FEEFC5CF}.Debug|Any CPU.ActiveCfg = Debug|Any CPU
		{454D49A5-79E3-4B52-A08C-A5B2FEEFC5CF}.Debug|Any CPU.Build.0 = Debug|Any CPU
		{454D49A5-79E3-4B52-A08C-A5B2FEEFC5CF}.Release|Any CPU.ActiveCfg = Release|Any CPU
		{454D49A5-79E3-4B52-A08C-A5B2FEEFC5CF}.Release|Any CPU.Build.0 = Release|Any CPU
		{EFC0BC57-3748-47D7-B613-E1573506EEDC}.Debug|Any CPU.ActiveCfg = Debug|Any CPU
		{EFC0BC57-3748-47D7-B613-E1573506EEDC}.Debug|Any CPU.Build.0 = Debug|Any CPU
		{EFC0BC57-3748-47D7-B613-E1573506EEDC}.Release|Any CPU.ActiveCfg = Release|Any CPU
		{EFC0BC57-3748-47D7-B613-E1573506EEDC}.Release|Any CPU.Build.0 = Release|Any CPU
	EndGlobalSection
	GlobalSection(SolutionProperties) = preSolution
		HideSolutionNode = FALSE
	EndGlobalSection
EndGlobal
