
Microsoft Visual Studio Solution File, Format Version 12.00
# Visual Studio Version 17
VisualStudioVersion = 17.10.35013.160
MinimumVisualStudioVersion = 10.0.40219.1
Project("{9A19103F-16F7-4668-BE54-9A1E7A4F7556}") = "HistorischeKurseDal", "HistorischeKurseDal\HistorischeKurseDal.csproj", "{4FD55E87-FF65-480E-BC7B-74AAC9A95453}"
EndProject
Project("{9A19103F-16F7-4668-BE54-9A1E7A4F7556}") = "HistorischeKurseDalUnitTests", "HistorischeKurseDalUnitTests\HistorischeKurseDalUnitTests.csproj", "{FAAAF105-2F86-4F8A-8426-F8F95F46030C}"
EndProject
Project("{FAE04EC0-301F-11D3-BF4B-00C04F79EFBC}") = "HistorischeKurseUi", "HistorischeKurseUi\HistorischeKurseUi.csproj", "{D34C3553-6EFA-454A-AEB3-96FC89A0E270}"
EndProject
Global
	GlobalSection(SolutionConfigurationPlatforms) = preSolution
		Debug|Any CPU = Debug|Any CPU
		Release|Any CPU = Release|Any CPU
	EndGlobalSection
	GlobalSection(ProjectConfigurationPlatforms) = postSolution
		{4FD55E87-FF65-480E-BC7B-74AAC9A95453}.Debug|Any CPU.ActiveCfg = Debug|Any CPU
		{4FD55E87-FF65-480E-BC7B-74AAC9A95453}.Debug|Any CPU.Build.0 = Debug|Any CPU
		{4FD55E87-FF65-480E-BC7B-74AAC9A95453}.Release|Any CPU.ActiveCfg = Release|Any CPU
		{4FD55E87-FF65-480E-BC7B-74AAC9A95453}.Release|Any CPU.Build.0 = Release|Any CPU
		{FAAAF105-2F86-4F8A-8426-F8F95F46030C}.Debug|Any CPU.ActiveCfg = Debug|Any CPU
		{FAAAF105-2F86-4F8A-8426-F8F95F46030C}.Debug|Any CPU.Build.0 = Debug|Any CPU
		{FAAAF105-2F86-4F8A-8426-F8F95F46030C}.Release|Any CPU.ActiveCfg = Release|Any CPU
		{FAAAF105-2F86-4F8A-8426-F8F95F46030C}.Release|Any CPU.Build.0 = Release|Any CPU
		{D34C3553-6EFA-454A-AEB3-96FC89A0E270}.Debug|Any CPU.ActiveCfg = Debug|Any CPU
		{D34C3553-6EFA-454A-AEB3-96FC89A0E270}.Debug|Any CPU.Build.0 = Debug|Any CPU
		{D34C3553-6EFA-454A-AEB3-96FC89A0E270}.Release|Any CPU.ActiveCfg = Release|Any CPU
		{D34C3553-6EFA-454A-AEB3-96FC89A0E270}.Release|Any CPU.Build.0 = Release|Any CPU
	EndGlobalSection
	GlobalSection(SolutionProperties) = preSolution
		HideSolutionNode = FALSE
	EndGlobalSection
	GlobalSection(ExtensibilityGlobals) = postSolution
		SolutionGuid = {6B39297D-65D4-4D0C-92A1-D8C8CF850410}
	EndGlobalSection
EndGlobal
